
Microsoft Visual Studio Solution File, Format Version 12.00
# Visual Studio Version 17
VisualStudioVersion = 17.4.33122.133
MinimumVisualStudioVersion = 10.0.40219.1
Project("{FAE04EC0-301F-11D3-BF4B-00C04F79EFBC}") = "InspectionAPI", "InspectionAPI\InspectionAPI.csproj", "{EC35E5B6-359A-4995-842D-721FA2AF5592}"
EndProject
Global
	GlobalSection(SolutionConfigurationPlatforms) = preSolution
		Debug|Any CPU = Debug|Any CPU
		Release|Any CPU = Release|Any CPU
	EndGlobalSection
	GlobalSection(ProjectConfigurationPlatforms) = postSolution
		{EC35E5B6-359A-4995-842D-721FA2AF5592}.Debug|Any CPU.ActiveCfg = Debug|Any CPU
		{EC35E5B6-359A-4995-842D-721FA2AF5592}.Debug|Any CPU.Build.0 = Debug|Any CPU
		{EC35E5B6-359A-4995-842D-721FA2AF5592}.Release|Any CPU.ActiveCfg = Release|Any CPU
		{EC35E5B6-359A-4995-842D-721FA2AF5592}.Release|Any CPU.Build.0 = Release|Any CPU
	EndGlobalSection
	GlobalSection(SolutionProperties) = preSolution
		HideSolutionNode = FALSE
	EndGlobalSection
	GlobalSection(ExtensibilityGlobals) = postSolution
		SolutionGuid = {41E0120B-614C-4482-ACC5-98A48C7EDBDC}
	EndGlobalSection
EndGlobal
